{
  "nodes": {
    "biz-udp-gothic": {
      "flake": false,
      "locked": {
        "lastModified": 1694034489,
        "narHash": "sha256-8mgMGOhFC7rf6MZuf3gNgQKIUwh/WPU+lYEGVVfDsrM=",
        "owner": "googlefonts",
        "repo": "morisawa-biz-ud-gothic",
        "rev": "18934af56b9c003ca58c54bffbf226848cb11032",
        "type": "github"
      },
      "original": {
        "owner": "googlefonts",
        "repo": "morisawa-biz-ud-gothic",
        "type": "github"
      }
    },
    "flake-utils": {
      "inputs": {
        "systems": "systems"
      },
      "locked": {
        "lastModified": 1731533236,
        "narHash": "sha256-l0KFg5HjrsfsO/JpG+r7fRrqm12kzFHyUHqHCVpMMbI=",
        "owner": "numtide",
        "repo": "flake-utils",
        "rev": "11707dc2f618dd54ca8739b309ec4fc024de578b",
        "type": "github"
      },
      "original": {
        "owner": "numtide",
        "repo": "flake-utils",
        "type": "github"
      }
    },
    "nixpkgs": {
      "locked": {
        "lastModified": 1747487082,
        "narHash": "sha256-w9QSqDubtYmbPEuwaItkwQVemA2ve2wkRVslzRjoiso=",
        "owner": "NixOS",
        "repo": "nixpkgs",
        "rev": "6701894f186228dc65db991fb2373e442027ffeb",
        "type": "github"
      },
      "original": {
        "owner": "NixOS",
        "repo": "nixpkgs",
        "type": "github"
      }
    },
    "root": {
      "inputs": {
        "biz-udp-gothic": "biz-udp-gothic",
        "flake-utils": "flake-utils",
        "nixpkgs": "nixpkgs",
        "typix": "typix"
      }
    },
    "systems": {
      "locked": {
        "lastModified": 1681028828,
        "narHash": "sha256-Vy1rq5AaRuLzOxct8nz4T6wlgyUR7zLU309k9mBC768=",
        "owner": "nix-systems",
        "repo": "default",
        "rev": "da67096a3b9bf56a91d16901293e51ba5b49a27e",
        "type": "github"
      },
      "original": {
        "owner": "nix-systems",
        "repo": "default",
        "type": "github"
      }
    },
    "typix": {
      "inputs": {
        "nixpkgs": [
          "nixpkgs"
        ]
      },
      "locked": {
        "lastModified": 1746607658,
        "narHash": "sha256-WKB6j7RddVr2NT1Wze03uw/yiFeEX/F5vdOWSKoj9Z0=",
        "owner": "loqusion",
        "repo": "typix",
        "rev": "01160b19f90eeba0124dea8326779477b5313ebb",
        "type": "github"
      },
      "original": {
        "owner": "loqusion",
        "repo": "typix",
        "type": "github"
      }
    }
  },
  "root": "root",
  "version": 7
}
